// !$*UTF8*$!
{
	archiveVersion = 1;
	classes = {
	};
	objectVersion = 50;
	objects = {

/* Begin PBXBuildFile section */
		CC5C3AAE2133ACDD00A75538 /* AppDelegate.swift in Sources */ = {isa = PBXBuildFile; fileRef = CC5C3AAD2133ACDD00A75538 /* AppDelegate.swift */; };
		CC5C3AB52133ACDE00A75538 /* Assets.xcassets in Resources */ = {isa = PBXBuildFile; fileRef = CC5C3AB42133ACDE00A75538 /* Assets.xcassets */; };
		CC5C3AB82133ACDE00A75538 /* LaunchScreen.storyboard in Resources */ = {isa = PBXBuildFile; fileRef = CC5C3AB62133ACDE00A75538 /* LaunchScreen.storyboard */; };
		CC5C3B0A2136305400A75538 /* Home.storyboard in Resources */ = {isa = PBXBuildFile; fileRef = CC5C3AF22136305300A75538 /* Home.storyboard */; };
		CC5C3B0B2136305400A75538 /* Follow.storyboard in Resources */ = {isa = PBXBuildFile; fileRef = CC5C3AF72136305300A75538 /* Follow.storyboard */; };
		CC5C3B0C2136305400A75538 /* Profile.storyboard in Resources */ = {isa = PBXBuildFile; fileRef = CC5C3AFC2136305300A75538 /* Profile.storyboard */; };
		CC5C3B0D2136305400A75538 /* Live.storyboard in Resources */ = {isa = PBXBuildFile; fileRef = CC5C3B012136305400A75538 /* Live.storyboard */; };
		CC5C3B0E2136305400A75538 /* MainViewController.swift in Sources */ = {isa = PBXBuildFile; fileRef = CC5C3B062136305400A75538 /* MainViewController.swift */; };
		CC5C3B0F2136305400A75538 /* Main.storyboard in Resources */ = {isa = PBXBuildFile; fileRef = CC5C3B072136305400A75538 /* Main.storyboard */; };
		CC5C3B112136309F00A75538 /* HomeViewController.swift in Sources */ = {isa = PBXBuildFile; fileRef = CC5C3B102136309F00A75538 /* HomeViewController.swift */; };
		CC5C3B15213634B200A75538 /* UIBarButtonItem-Extension.swift in Sources */ = {isa = PBXBuildFile; fileRef = CC5C3B14213634B200A75538 /* UIBarButtonItem-Extension.swift */; };
		CC5C3B1721363D3800A75538 /* PageTitleView.swift in Sources */ = {isa = PBXBuildFile; fileRef = CC5C3B1621363D3800A75538 /* PageTitleView.swift */; };
		CC5C3B1921363ED400A75538 /* Common.swift in Sources */ = {isa = PBXBuildFile; fileRef = CC5C3B1821363ED400A75538 /* Common.swift */; };
/* End PBXBuildFile section */

/* Begin PBXFileReference section */
		CC5C3AAA2133ACDD00A75538 /* DouyuTVOfSun.app */ = {isa = PBXFileReference; explicitFileType = wrapper.application; includeInIndex = 0; path = DouyuTVOfSun.app; sourceTree = BUILT_PRODUCTS_DIR; };
		CC5C3AAD2133ACDD00A75538 /* AppDelegate.swift */ = {isa = PBXFileReference; lastKnownFileType = sourcecode.swift; path = AppDelegate.swift; sourceTree = "<group>"; };
		CC5C3AB42133ACDE00A75538 /* Assets.xcassets */ = {isa = PBXFileReference; lastKnownFileType = folder.assetcatalog; path = Assets.xcassets; sourceTree = "<group>"; };
		CC5C3AB72133ACDE00A75538 /* Base */ = {isa = PBXFileReference; lastKnownFileType = file.storyboard; name = Base; path = Base.lproj/LaunchScreen.storyboard; sourceTree = "<group>"; };
		CC5C3AB92133ACDE00A75538 /* Info.plist */ = {isa = PBXFileReference; lastKnownFileType = text.plist.xml; path = Info.plist; sourceTree = "<group>"; };
		CC5C3AF22136305300A75538 /* Home.storyboard */ = {isa = PBXFileReference; fileEncoding = 4; lastKnownFileType = file.storyboard; path = Home.storyboard; sourceTree = "<group>"; };
		CC5C3AF72136305300A75538 /* Follow.storyboard */ = {isa = PBXFileReference; fileEncoding = 4; lastKnownFileType = file.storyboard; path = Follow.storyboard; sourceTree = "<group>"; };
		CC5C3AFC2136305300A75538 /* Profile.storyboard */ = {isa = PBXFileReference; fileEncoding = 4; lastKnownFileType = file.storyboard; path = Profile.storyboard; sourceTree = "<group>"; };
		CC5C3B012136305400A75538 /* Live.storyboard */ = {isa = PBXFileReference; fileEncoding = 4; lastKnownFileType = file.storyboard; path = Live.storyboard; sourceTree = "<group>"; };
		CC5C3B062136305400A75538 /* MainViewController.swift */ = {isa = PBXFileReference; fileEncoding = 4; lastKnownFileType = sourcecode.swift; path = MainViewController.swift; sourceTree = "<group>"; };
		CC5C3B072136305400A75538 /* Main.storyboard */ = {isa = PBXFileReference; fileEncoding = 4; lastKnownFileType = file.storyboard; path = Main.storyboard; sourceTree = "<group>"; };
		CC5C3B102136309F00A75538 /* HomeViewController.swift */ = {isa = PBXFileReference; lastKnownFileType = sourcecode.swift; path = HomeViewController.swift; sourceTree = "<group>"; };
		CC5C3B14213634B200A75538 /* UIBarButtonItem-Extension.swift */ = {isa = PBXFileReference; lastKnownFileType = sourcecode.swift; path = "UIBarButtonItem-Extension.swift"; sourceTree = "<group>"; };
		CC5C3B1621363D3800A75538 /* PageTitleView.swift */ = {isa = PBXFileReference; lastKnownFileType = sourcecode.swift; path = PageTitleView.swift; sourceTree = "<group>"; };
		CC5C3B1821363ED400A75538 /* Common.swift */ = {isa = PBXFileReference; lastKnownFileType = sourcecode.swift; path = Common.swift; sourceTree = "<group>"; };
/* End PBXFileReference section */

/* Begin PBXFrameworksBuildPhase section */
		CC5C3AA72133ACDD00A75538 /* Frameworks */ = {
			isa = PBXFrameworksBuildPhase;
			buildActionMask = 2147483647;
			files = (
			);
			runOnlyForDeploymentPostprocessing = 0;
		};
/* End PBXFrameworksBuildPhase section */

/* Begin PBXGroup section */
		CC5C3AA12133ACDD00A75538 = {
			isa = PBXGroup;
			children = (
				CC5C3AAC2133ACDD00A75538 /* DouyuTVOfSun */,
				CC5C3AAB2133ACDD00A75538 /* Products */,
			);
			sourceTree = "<group>";
		};
		CC5C3AAB2133ACDD00A75538 /* Products */ = {
			isa = PBXGroup;
			children = (
				CC5C3AAA2133ACDD00A75538 /* DouyuTVOfSun.app */,
			);
			name = Products;
			sourceTree = "<group>";
		};
		CC5C3AAC2133ACDD00A75538 /* DouyuTVOfSun */ = {
			isa = PBXGroup;
			children = (
				CC5C3AEF2136305300A75538 /* Class */,
				CC5C3AAD2133ACDD00A75538 /* AppDelegate.swift */,
				CC5C3AB42133ACDE00A75538 /* Assets.xcassets */,
				CC5C3AB62133ACDE00A75538 /* LaunchScreen.storyboard */,
				CC5C3AB92133ACDE00A75538 /* Info.plist */,
			);
			path = DouyuTVOfSun;
			sourceTree = "<group>";
		};
		CC5C3AEF2136305300A75538 /* Class */ = {
			isa = PBXGroup;
			children = (
				CC5C3B042136305400A75538 /* Main */,
				CC5C3AF02136305300A75538 /* Home */,
				CC5C3AFF2136305300A75538 /* Live */,
				CC5C3AF52136305300A75538 /* Follow */,
				CC5C3AFA2136305300A75538 /* Profile */,
				CC5C3B122136346200A75538 /* Tool */,
			);
			path = Class;
			sourceTree = "<group>";
		};
		CC5C3AF02136305300A75538 /* Home */ = {
			isa = PBXGroup;
			children = (
				CC5C3AF32136305300A75538 /* Model */,
				CC5C3AF42136305300A75538 /* View */,
				CC5C3AF12136305300A75538 /* Controller */,
			);
			path = Home;
			sourceTree = "<group>";
		};
		CC5C3AF12136305300A75538 /* Controller */ = {
			isa = PBXGroup;
			children = (
				CC5C3AF22136305300A75538 /* Home.storyboard */,
				CC5C3B102136309F00A75538 /* HomeViewController.swift */,
			);
			path = Controller;
			sourceTree = "<group>";
		};
		CC5C3AF32136305300A75538 /* Model */ = {
			isa = PBXGroup;
			children = (
			);
			path = Model;
			sourceTree = "<group>";
		};
		CC5C3AF42136305300A75538 /* View */ = {
			isa = PBXGroup;
			children = (
			);
			path = View;
			sourceTree = "<group>";
		};
		CC5C3AF52136305300A75538 /* Follow */ = {
			isa = PBXGroup;
			children = (
				CC5C3AF82136305300A75538 /* Model */,
				CC5C3AF92136305300A75538 /* View */,
				CC5C3AF62136305300A75538 /* Controller */,
			);
			path = Follow;
			sourceTree = "<group>";
		};
		CC5C3AF62136305300A75538 /* Controller */ = {
			isa = PBXGroup;
			children = (
				CC5C3AF72136305300A75538 /* Follow.storyboard */,
			);
			path = Controller;
			sourceTree = "<group>";
		};
		CC5C3AF82136305300A75538 /* Model */ = {
			isa = PBXGroup;
			children = (
			);
			path = Model;
			sourceTree = "<group>";
		};
		CC5C3AF92136305300A75538 /* View */ = {
			isa = PBXGroup;
			children = (
			);
			path = View;
			sourceTree = "<group>";
		};
		CC5C3AFA2136305300A75538 /* Profile */ = {
			isa = PBXGroup;
			children = (
				CC5C3AFD2136305300A75538 /* Model */,
				CC5C3AFE2136305300A75538 /* View */,
				CC5C3AFB2136305300A75538 /* Controller */,
			);
			path = Profile;
			sourceTree = "<group>";
		};
		CC5C3AFB2136305300A75538 /* Controller */ = {
			isa = PBXGroup;
			children = (
				CC5C3AFC2136305300A75538 /* Profile.storyboard */,
			);
			path = Controller;
			sourceTree = "<group>";
		};
		CC5C3AFD2136305300A75538 /* Model */ = {
			isa = PBXGroup;
			children = (
			);
			path = Model;
			sourceTree = "<group>";
		};
		CC5C3AFE2136305300A75538 /* View */ = {
			isa = PBXGroup;
			children = (
			);
			path = View;
			sourceTree = "<group>";
		};
		CC5C3AFF2136305300A75538 /* Live */ = {
			isa = PBXGroup;
			children = (
				CC5C3B022136305400A75538 /* Model */,
				CC5C3B032136305400A75538 /* View */,
				CC5C3B002136305400A75538 /* Controller */,
			);
			path = Live;
			sourceTree = "<group>";
		};
		CC5C3B002136305400A75538 /* Controller */ = {
			isa = PBXGroup;
			children = (
				CC5C3B012136305400A75538 /* Live.storyboard */,
			);
			path = Controller;
			sourceTree = "<group>";
		};
		CC5C3B022136305400A75538 /* Model */ = {
			isa = PBXGroup;
			children = (
			);
			path = Model;
			sourceTree = "<group>";
		};
		CC5C3B032136305400A75538 /* View */ = {
			isa = PBXGroup;
			children = (
			);
			path = View;
			sourceTree = "<group>";
		};
		CC5C3B042136305400A75538 /* Main */ = {
			isa = PBXGroup;
			children = (
				CC5C3B052136305400A75538 /* Controller */,
				CC5C3B082136305400A75538 /* Model */,
				CC5C3B092136305400A75538 /* View */,
			);
			path = Main;
			sourceTree = "<group>";
		};
		CC5C3B052136305400A75538 /* Controller */ = {
			isa = PBXGroup;
			children = (
				CC5C3B062136305400A75538 /* MainViewController.swift */,
				CC5C3B072136305400A75538 /* Main.storyboard */,
			);
			path = Controller;
			sourceTree = "<group>";
		};
		CC5C3B082136305400A75538 /* Model */ = {
			isa = PBXGroup;
			children = (
			);
			path = Model;
			sourceTree = "<group>";
		};
		CC5C3B092136305400A75538 /* View */ = {
			isa = PBXGroup;
			children = (
				CC5C3B1621363D3800A75538 /* PageTitleView.swift */,
			);
			path = View;
			sourceTree = "<group>";
		};
		CC5C3B122136346200A75538 /* Tool */ = {
			isa = PBXGroup;
			children = (
				CC5C3B132136346200A75538 /* Extension */,
				CC5C3B1821363ED400A75538 /* Common.swift */,
			);
			path = Tool;
			sourceTree = "<group>";
		};
		CC5C3B132136346200A75538 /* Extension */ = {
			isa = PBXGroup;
			children = (
				CC5C3B14213634B200A75538 /* UIBarButtonItem-Extension.swift */,
			);
			path = Extension;
			sourceTree = "<group>";
		};
/* End PBXGroup section */

/* Begin PBXNativeTarget section */
		CC5C3AA92133ACDD00A75538 /* DouyuTVOfSun */ = {
			isa = PBXNativeTarget;
			buildConfigurationList = CC5C3ABC2133ACDE00A75538 /* Build configuration list for PBXNativeTarget "DouyuTVOfSun" */;
			buildPhases = (
				CC5C3AA62133ACDD00A75538 /* Sources */,
				CC5C3AA72133ACDD00A75538 /* Frameworks */,
				CC5C3AA82133ACDD00A75538 /* Resources */,
			);
			buildRules = (
			);
			dependencies = (
			);
			name = DouyuTVOfSun;
			productName = DouyuTVOfSun;
			productReference = CC5C3AAA2133ACDD00A75538 /* DouyuTVOfSun.app */;
			productType = "com.apple.product-type.application";
		};
/* End PBXNativeTarget section */

/* Begin PBXProject section */
		CC5C3AA22133ACDD00A75538 /* Project object */ = {
			isa = PBXProject;
			attributes = {
				LastSwiftUpdateCheck = 0940;
				LastUpgradeCheck = 0940;
				ORGANIZATIONNAME = WorkSpace_Sun;
				TargetAttributes = {
					CC5C3AA92133ACDD00A75538 = {
						CreatedOnToolsVersion = 9.4.1;
					};
				};
			};
			buildConfigurationList = CC5C3AA52133ACDD00A75538 /* Build configuration list for PBXProject "DouyuTVOfSun" */;
			compatibilityVersion = "Xcode 9.3";
			developmentRegion = en;
			hasScannedForEncodings = 0;
			knownRegions = (
				en,
				Base,
			);
			mainGroup = CC5C3AA12133ACDD00A75538;
			productRefGroup = CC5C3AAB2133ACDD00A75538 /* Products */;
			projectDirPath = "";
			projectRoot = "";
			targets = (
				CC5C3AA92133ACDD00A75538 /* DouyuTVOfSun */,
			);
		};
/* End PBXProject section */

/* Begin PBXResourcesBuildPhase section */
		CC5C3AA82133ACDD00A75538 /* Resources */ = {
			isa = PBXResourcesBuildPhase;
			buildActionMask = 2147483647;
			files = (
				CC5C3B0F2136305400A75538 /* Main.storyboard in Resources */,
				CC5C3B0A2136305400A75538 /* Home.storyboard in Resources */,
				CC5C3AB82133ACDE00A75538 /* LaunchScreen.storyboard in Resources */,
				CC5C3B0D2136305400A75538 /* Live.storyboard in Resources */,
				CC5C3B0C2136305400A75538 /* Profile.storyboard in Resources */,
				CC5C3AB52133ACDE00A75538 /* Assets.xcassets in Resources */,
				CC5C3B0B2136305400A75538 /* Follow.storyboard in Resources */,
			);
			runOnlyForDeploymentPostprocessing = 0;
		};
/* End PBXResourcesBuildPhase section */

/* Begin PBXSourcesBuildPhase section */
		CC5C3AA62133ACDD00A75538 /* Sources */ = {
			isa = PBXSourcesBuildPhase;
			buildActionMask = 2147483647;
			files = (
				CC5C3AAE2133ACDD00A75538 /* AppDelegate.swift in Sources */,
				CC5C3B0E2136305400A75538 /* MainViewController.swift in Sources */,
				CC5C3B1721363D3800A75538 /* PageTitleView.swift in Sources */,
				CC5C3B15213634B200A75538 /* UIBarButtonItem-Extension.swift in Sources */,
				CC5C3B1921363ED400A75538 /* Common.swift in Sources */,
				CC5C3B112136309F00A75538 /* HomeViewController.swift in Sources */,
			);
			runOnlyForDeploymentPostprocessing = 0;
		};
/* End PBXSourcesBuildPhase section */

/* Begin PBXVariantGroup section */
		CC5C3AB62133ACDE00A75538 /* LaunchScreen.storyboard */ = {
			isa = PBXVariantGroup;
			children = (
				CC5C3AB72133ACDE00A75538 /* Base */,
			);
			name = LaunchScreen.storyboard;
			sourceTree = "<group>";
		};
/* End PBXVariantGroup section */

/* Begin XCBuildConfiguration section */
		CC5C3ABA2133ACDE00A75538 /* Debug */ = {
			isa = XCBuildConfiguration;
			buildSettings = {
				ALWAYS_SEARCH_USER_PATHS = NO;
				CLANG_ANALYZER_NONNULL = YES;
				CLANG_ANALYZER_NUMBER_OBJECT_CONVERSION = YES_AGGRESSIVE;
				CLANG_CXX_LANGUAGE_STANDARD = "gnu++14";
				CLANG_CXX_LIBRARY = "libc++";
				CLANG_ENABLE_MODULES = YES;
				CLANG_ENABLE_OBJC_ARC = YES;
				CLANG_ENABLE_OBJC_WEAK = YES;
				CLANG_WARN_BLOCK_CAPTURE_AUTORELEASING = YES;
				CLANG_WARN_BOOL_CONVERSION = YES;
				CLANG_WARN_COMMA = YES;
				CLANG_WARN_CONSTANT_CONVERSION = YES;
				CLANG_WARN_DEPRECATED_OBJC_IMPLEMENTATIONS = YES;
				CLANG_WARN_DIRECT_OBJC_ISA_USAGE = YES_ERROR;
				CLANG_WARN_DOCUMENTATION_COMMENTS = YES;
				CLANG_WARN_EMPTY_BODY = YES;
				CLANG_WARN_ENUM_CONVERSION = YES;
				CLANG_WARN_INFINITE_RECURSION = YES;
				CLANG_WARN_INT_CONVERSION = YES;
				CLANG_WARN_NON_LITERAL_NULL_CONVERSION = YES;
				CLANG_WARN_OBJC_IMPLICIT_RETAIN_SELF = YES;
				CLANG_WARN_OBJC_LITERAL_CONVERSION = YES;
				CLANG_WARN_OBJC_ROOT_CLASS = YES_ERROR;
				CLANG_WARN_RANGE_LOOP_ANALYSIS = YES;
				CLANG_WARN_STRICT_PROTOTYPES = YES;
				CLANG_WARN_SUSPICIOUS_MOVE = YES;
				CLANG_WARN_UNGUARDED_AVAILABILITY = YES_AGGRESSIVE;
				CLANG_WARN_UNREACHABLE_CODE = YES;
				CLANG_WARN__DUPLICATE_METHOD_MATCH = YES;
				CODE_SIGN_IDENTITY = "iPhone Developer";
				COPY_PHASE_STRIP = NO;
				DEBUG_INFORMATION_FORMAT = dwarf;
				ENABLE_STRICT_OBJC_MSGSEND = YES;
				ENABLE_TESTABILITY = YES;
				GCC_C_LANGUAGE_STANDARD = gnu11;
				GCC_DYNAMIC_NO_PIC = NO;
				GCC_NO_COMMON_BLOCKS = YES;
				GCC_OPTIMIZATION_LEVEL = 0;
				GCC_PREPROCESSOR_DEFINITIONS = (
					"DEBUG=1",
					"$(inherited)",
				);
				GCC_WARN_64_TO_32_BIT_CONVERSION = YES;
				GCC_WARN_ABOUT_RETURN_TYPE = YES_ERROR;
				GCC_WARN_UNDECLARED_SELECTOR = YES;
				GCC_WARN_UNINITIALIZED_AUTOS = YES_AGGRESSIVE;
				GCC_WARN_UNUSED_FUNCTION = YES;
				GCC_WARN_UNUSED_VARIABLE = YES;
				IPHONEOS_DEPLOYMENT_TARGET = 11.4;
				MTL_ENABLE_DEBUG_INFO = YES;
				ONLY_ACTIVE_ARCH = YES;
				SDKROOT = iphoneos;
				SWIFT_ACTIVE_COMPILATION_CONDITIONS = DEBUG;
				SWIFT_OPTIMIZATION_LEVEL = "-Onone";
			};
			name = Debug;
		};
		CC5C3ABB2133ACDE00A75538 /* Release */ = {
			isa = XCBuildConfiguration;
			buildSettings = {
				ALWAYS_SEARCH_USER_PATHS = NO;
				CLANG_ANALYZER_NONNULL = YES;
				CLANG_ANALYZER_NUMBER_OBJECT_CONVERSION = YES_AGGRESSIVE;
				CLANG_CXX_LANGUAGE_STANDARD = "gnu++14";
				CLANG_CXX_LIBRARY = "libc++";
				CLANG_ENABLE_MODULES = YES;
				CLANG_ENABLE_OBJC_ARC = YES;
				CLANG_ENABLE_OBJC_WEAK = YES;
				CLANG_WARN_BLOCK_CAPTURE_AUTORELEASING = YES;
				CLANG_WARN_BOOL_CONVERSION = YES;
				CLANG_WARN_COMMA = YES;
				CLANG_WARN_CONSTANT_CONVERSION = YES;
				CLANG_WARN_DEPRECATED_OBJC_IMPLEMENTATIONS = YES;
				CLANG_WARN_DIRECT_OBJC_ISA_USAGE = YES_ERROR;
				CLANG_WARN_DOCUMENTATION_COMMENTS = YES;
				CLANG_WARN_EMPTY_BODY = YES;
				CLANG_WARN_ENUM_CONVERSION = YES;
				CLANG_WARN_INFINITE_RECURSION = YES;
				CLANG_WARN_INT_CONVERSION = YES;
				CLANG_WARN_NON_LITERAL_NULL_CONVERSION = YES;
				CLANG_WARN_OBJC_IMPLICIT_RETAIN_SELF = YES;
				CLANG_WARN_OBJC_LITERAL_CONVERSION = YES;
				CLANG_WARN_OBJC_ROOT_CLASS = YES_ERROR;
				CLANG_WARN_RANGE_LOOP_ANALYSIS = YES;
				CLANG_WARN_STRICT_PROTOTYPES = YES;
				CLANG_WARN_SUSPICIOUS_MOVE = YES;
				CLANG_WARN_UNGUARDED_AVAILABILITY = YES_AGGRESSIVE;
				CLANG_WARN_UNREACHABLE_CODE = YES;
				CLANG_WARN__DUPLICATE_METHOD_MATCH = YES;
				CODE_SIGN_IDENTITY = "iPhone Developer";
				COPY_PHASE_STRIP = NO;
				DEBUG_INFORMATION_FORMAT = "dwarf-with-dsym";
				ENABLE_NS_ASSERTIONS = NO;
				ENABLE_STRICT_OBJC_MSGSEND = YES;
				GCC_C_LANGUAGE_STANDARD = gnu11;
				GCC_NO_COMMON_BLOCKS = YES;
				GCC_WARN_64_TO_32_BIT_CONVERSION = YES;
				GCC_WARN_ABOUT_RETURN_TYPE = YES_ERROR;
				GCC_WARN_UNDECLARED_SELECTOR = YES;
				GCC_WARN_UNINITIALIZED_AUTOS = YES_AGGRESSIVE;
				GCC_WARN_UNUSED_FUNCTION = YES;
				GCC_WARN_UNUSED_VARIABLE = YES;
				IPHONEOS_DEPLOYMENT_TARGET = 11.4;
				MTL_ENABLE_DEBUG_INFO = NO;
				SDKROOT = iphoneos;
				SWIFT_COMPILATION_MODE = wholemodule;
				SWIFT_OPTIMIZATION_LEVEL = "-O";
				VALIDATE_PRODUCT = YES;
			};
			name = Release;
		};
		CC5C3ABD2133ACDE00A75538 /* Debug */ = {
			isa = XCBuildConfiguration;
			buildSettings = {
				ASSETCATALOG_COMPILER_APPICON_NAME = AppIcon;
				ASSETCATALOG_COMPILER_LAUNCHIMAGE_NAME = LaunchImage;
				CODE_SIGN_STYLE = Automatic;
				DEVELOPMENT_TEAM = HD56DK4J54;
				INFOPLIST_FILE = DouyuTVOfSun/Info.plist;
				IPHONEOS_DEPLOYMENT_TARGET = 9.0;
				LD_RUNPATH_SEARCH_PATHS = (
					"$(inherited)",
					"@executable_path/Frameworks",
				);
				PRODUCT_BUNDLE_IDENTIFIER = com.Sun.DouyuTVOfSun;
				PRODUCT_NAME = "$(TARGET_NAME)";
				SWIFT_VERSION = 4.0;
				TARGETED_DEVICE_FAMILY = 1;
			};
			name = Debug;
		};
		CC5C3ABE2133ACDE00A75538 /* Release */ = {
			isa = XCBuildConfiguration;
			buildSettings = {
				ASSETCATALOG_COMPILER_APPICON_NAME = AppIcon;
				ASSETCATALOG_COMPILER_LAUNCHIMAGE_NAME = LaunchImage;
				CODE_SIGN_STYLE = Automatic;
				DEVELOPMENT_TEAM = HD56DK4J54;
				INFOPLIST_FILE = DouyuTVOfSun/Info.plist;
				IPHONEOS_DEPLOYMENT_TARGET = 9.0;
				LD_RUNPATH_SEARCH_PATHS = (
					"$(inherited)",
					"@executable_path/Frameworks",
				);
				PRODUCT_BUNDLE_IDENTIFIER = com.Sun.DouyuTVOfSun;
				PRODUCT_NAME = "$(TARGET_NAME)";
				SWIFT_VERSION = 4.0;
				TARGETED_DEVICE_FAMILY = 1;
			};
			name = Release;
		};
/* End XCBuildConfiguration section */

/* Begin XCConfigurationList section */
		CC5C3AA52133ACDD00A75538 /* Build configuration list for PBXProject "DouyuTVOfSun" */ = {
			isa = XCConfigurationList;
			buildConfigurations = (
				CC5C3ABA2133ACDE00A75538 /* Debug */,
				CC5C3ABB2133ACDE00A75538 /* Release */,
			);
			defaultConfigurationIsVisible = 0;
			defaultConfigurationName = Release;
		};
		CC5C3ABC2133ACDE00A75538 /* Build configuration list for PBXNativeTarget "DouyuTVOfSun" */ = {
			isa = XCConfigurationList;
			buildConfigurations = (
				CC5C3ABD2133ACDE00A75538 /* Debug */,
				CC5C3ABE2133ACDE00A75538 /* Release */,
			);
			defaultConfigurationIsVisible = 0;
			defaultConfigurationName = Release;
		};
/* End XCConfigurationList section */
	};
	rootObject = CC5C3AA22133ACDD00A75538 /* Project object */;
}
