// !$*UTF8*$!
{
	archiveVersion = 1;
	classes = {
	};
	objectVersion = 50;
	objects = {

/* Begin PBXBuildFile section */
		94E33AEF151FD6F8047E2B6A /* Pods_DouyuTVOfSun.framework in Frameworks */ = {isa = PBXBuildFile; fileRef = 4E686F6672C0F0A4A551D4B6 /* Pods_DouyuTVOfSun.framework */; };
		CC0E529E21BABEB300147D6F /* RecommendCycleView.swift in Sources */ = {isa = PBXBuildFile; fileRef = CC0E529D21BABEB300147D6F /* RecommendCycleView.swift */; };
		CC0E52A021BABED500147D6F /* RecommendCycleView.xib in Resources */ = {isa = PBXBuildFile; fileRef = CC0E529F21BABED500147D6F /* RecommendCycleView.xib */; };
		CC0E52A221BDFE3F00147D6F /* CycleModel.swift in Sources */ = {isa = PBXBuildFile; fileRef = CC0E52A121BDFE3F00147D6F /* CycleModel.swift */; };
		CC0E52A521BE045700147D6F /* CollectionCycleCell.swift in Sources */ = {isa = PBXBuildFile; fileRef = CC0E52A321BE045700147D6F /* CollectionCycleCell.swift */; };
		CC0E52A621BE045700147D6F /* CollectionCycleCell.xib in Resources */ = {isa = PBXBuildFile; fileRef = CC0E52A421BE045700147D6F /* CollectionCycleCell.xib */; };
		CC0E52AD21BE541200147D6F /* RecommendGameView.swift in Sources */ = {isa = PBXBuildFile; fileRef = CC0E52AC21BE541200147D6F /* RecommendGameView.swift */; };
		CC0E52AF21BE541B00147D6F /* RecommendGameView.xib in Resources */ = {isa = PBXBuildFile; fileRef = CC0E52AE21BE541B00147D6F /* RecommendGameView.xib */; };
		CC0E52B221BE5F0C00147D6F /* CollectionGameCell.swift in Sources */ = {isa = PBXBuildFile; fileRef = CC0E52B021BE5F0C00147D6F /* CollectionGameCell.swift */; };
		CC0E52B321BE5F0C00147D6F /* CollectionGameCell.xib in Resources */ = {isa = PBXBuildFile; fileRef = CC0E52B121BE5F0C00147D6F /* CollectionGameCell.xib */; };
		CC3A46C9214270420044371F /* RecommendViewModel.swift in Sources */ = {isa = PBXBuildFile; fileRef = CC3A46C8214270420044371F /* RecommendViewModel.swift */; };
		CC3A46CB214276600044371F /* NSDate-Extension.swift in Sources */ = {isa = PBXBuildFile; fileRef = CC3A46CA214276600044371F /* NSDate-Extension.swift */; };
		CC3A46CF21427D7E0044371F /* AnchorGroup.swift in Sources */ = {isa = PBXBuildFile; fileRef = CC3A46CE21427D7E0044371F /* AnchorGroup.swift */; };
		CC3A46D221428EE60044371F /* AnchorModel.swift in Sources */ = {isa = PBXBuildFile; fileRef = CC3A46D121428EE60044371F /* AnchorModel.swift */; };
		CC3D24B921BFAB7800D5D424 /* GameViewController.swift in Sources */ = {isa = PBXBuildFile; fileRef = CC3D24B821BFAB7800D5D424 /* GameViewController.swift */; };
		CC3D24BB21BFB54C00D5D424 /* GameViewModel.swift in Sources */ = {isa = PBXBuildFile; fileRef = CC3D24BA21BFB54C00D5D424 /* GameViewModel.swift */; };
		CC3D24BD21BFB6E000D5D424 /* GameModel.swift in Sources */ = {isa = PBXBuildFile; fileRef = CC3D24BC21BFB6E000D5D424 /* GameModel.swift */; };
		CC3D24BF21BFB84C00D5D424 /* BaseGameModel.swift in Sources */ = {isa = PBXBuildFile; fileRef = CC3D24BE21BFB84C00D5D424 /* BaseGameModel.swift */; };
		CC3D24C121C0A16400D5D424 /* AmuseViewController.swift in Sources */ = {isa = PBXBuildFile; fileRef = CC3D24C021C0A16400D5D424 /* AmuseViewController.swift */; };
		CC3D24C321C0A40000D5D424 /* AmuseViewModel.swift in Sources */ = {isa = PBXBuildFile; fileRef = CC3D24C221C0A40000D5D424 /* AmuseViewModel.swift */; };
		CC3D24C621C0BC6200D5D424 /* BaseViewModel.swift in Sources */ = {isa = PBXBuildFile; fileRef = CC3D24C521C0BC6200D5D424 /* BaseViewModel.swift */; };
		CC3D24CC21C0C2C900D5D424 /* BaseAnchorViewController.swift in Sources */ = {isa = PBXBuildFile; fileRef = CC3D24CB21C0C2C900D5D424 /* BaseAnchorViewController.swift */; };
		CC3D24CE21C0E45000D5D424 /* AmuseMenuView.swift in Sources */ = {isa = PBXBuildFile; fileRef = CC3D24CD21C0E45000D5D424 /* AmuseMenuView.swift */; };
		CC3D24D021C0E45B00D5D424 /* AmuseMenuView.xib in Resources */ = {isa = PBXBuildFile; fileRef = CC3D24CF21C0E45B00D5D424 /* AmuseMenuView.xib */; };
		CC3D24D321C0F00900D5D424 /* AmuseMenuViewCell.swift in Sources */ = {isa = PBXBuildFile; fileRef = CC3D24D121C0F00900D5D424 /* AmuseMenuViewCell.swift */; };
		CC3D24D421C0F00900D5D424 /* AmuseMenuViewCell.xib in Resources */ = {isa = PBXBuildFile; fileRef = CC3D24D221C0F00900D5D424 /* AmuseMenuViewCell.xib */; };
		CC3D24D621C1065100D5D424 /* FunnyViewController.swift in Sources */ = {isa = PBXBuildFile; fileRef = CC3D24D521C1065100D5D424 /* FunnyViewController.swift */; };
		CC3D24D821C108C600D5D424 /* FunnyViewModel.swift in Sources */ = {isa = PBXBuildFile; fileRef = CC3D24D721C108C600D5D424 /* FunnyViewModel.swift */; };
		CC3D24DA21C1116D00D5D424 /* BaseViewController.swift in Sources */ = {isa = PBXBuildFile; fileRef = CC3D24D921C1116D00D5D424 /* BaseViewController.swift */; };
		CC3D24E221C11A0400D5D424 /* RoomPlayerViewController.swift in Sources */ = {isa = PBXBuildFile; fileRef = CC3D24E121C11A0400D5D424 /* RoomPlayerViewController.swift */; };
		CC3D24E421C11CE100D5D424 /* CustomNavigationController.swift in Sources */ = {isa = PBXBuildFile; fileRef = CC3D24E321C11CE100D5D424 /* CustomNavigationController.swift */; };
		CC3D24EE21C2224100D5D424 /* LiveViewController.swift in Sources */ = {isa = PBXBuildFile; fileRef = CC3D24ED21C2224100D5D424 /* LiveViewController.swift */; };
		CC3D24F021C2231800D5D424 /* FollowViewController.swift in Sources */ = {isa = PBXBuildFile; fileRef = CC3D24EF21C2231800D5D424 /* FollowViewController.swift */; };
		CC3D24F221C2235400D5D424 /* ProfileViewController.swift in Sources */ = {isa = PBXBuildFile; fileRef = CC3D24F121C2235400D5D424 /* ProfileViewController.swift */; };
		CC4D5DE021CC84E6006BD6E4 /* FollowPlayerCell.swift in Sources */ = {isa = PBXBuildFile; fileRef = CC4D5DDE21CC84E6006BD6E4 /* FollowPlayerCell.swift */; };
		CC4D5DE821D06F8F006BD6E4 /* VideoList.plist in Resources */ = {isa = PBXBuildFile; fileRef = CC4D5DE721D06F8F006BD6E4 /* VideoList.plist */; };
		CC4D5DEA21D0887B006BD6E4 /* FollowVideoModel.swift in Sources */ = {isa = PBXBuildFile; fileRef = CC4D5DE921D0887B006BD6E4 /* FollowVideoModel.swift */; };
		CC5C3AAE2133ACDD00A75538 /* AppDelegate.swift in Sources */ = {isa = PBXBuildFile; fileRef = CC5C3AAD2133ACDD00A75538 /* AppDelegate.swift */; };
		CC5C3AB52133ACDE00A75538 /* Assets.xcassets in Resources */ = {isa = PBXBuildFile; fileRef = CC5C3AB42133ACDE00A75538 /* Assets.xcassets */; };
		CC5C3AB82133ACDE00A75538 /* LaunchScreen.storyboard in Resources */ = {isa = PBXBuildFile; fileRef = CC5C3AB62133ACDE00A75538 /* LaunchScreen.storyboard */; };
		CC5C3B0A2136305400A75538 /* Home.storyboard in Resources */ = {isa = PBXBuildFile; fileRef = CC5C3AF22136305300A75538 /* Home.storyboard */; };
		CC5C3B0B2136305400A75538 /* Follow.storyboard in Resources */ = {isa = PBXBuildFile; fileRef = CC5C3AF72136305300A75538 /* Follow.storyboard */; };
		CC5C3B0C2136305400A75538 /* Profile.storyboard in Resources */ = {isa = PBXBuildFile; fileRef = CC5C3AFC2136305300A75538 /* Profile.storyboard */; };
		CC5C3B0D2136305400A75538 /* Live.storyboard in Resources */ = {isa = PBXBuildFile; fileRef = CC5C3B012136305400A75538 /* Live.storyboard */; };
		CC5C3B0E2136305400A75538 /* MainViewController.swift in Sources */ = {isa = PBXBuildFile; fileRef = CC5C3B062136305400A75538 /* MainViewController.swift */; };
		CC5C3B0F2136305400A75538 /* Main.storyboard in Resources */ = {isa = PBXBuildFile; fileRef = CC5C3B072136305400A75538 /* Main.storyboard */; };
		CC5C3B112136309F00A75538 /* HomeViewController.swift in Sources */ = {isa = PBXBuildFile; fileRef = CC5C3B102136309F00A75538 /* HomeViewController.swift */; };
		CC5C3B15213634B200A75538 /* UIBarButtonItem-Extension.swift in Sources */ = {isa = PBXBuildFile; fileRef = CC5C3B14213634B200A75538 /* UIBarButtonItem-Extension.swift */; };
		CC5C3B1721363D3800A75538 /* PageTitleView.swift in Sources */ = {isa = PBXBuildFile; fileRef = CC5C3B1621363D3800A75538 /* PageTitleView.swift */; };
		CC5C3B1921363ED400A75538 /* Common.swift in Sources */ = {isa = PBXBuildFile; fileRef = CC5C3B1821363ED400A75538 /* Common.swift */; };
		CC68336A213D3C610077F070 /* PageContentView.swift in Sources */ = {isa = PBXBuildFile; fileRef = CC683369213D3C610077F070 /* PageContentView.swift */; };
		CC68336C213D3F980077F070 /* UIColor-Extension.swift in Sources */ = {isa = PBXBuildFile; fileRef = CC68336B213D3F980077F070 /* UIColor-Extension.swift */; };
		CC683371213E64470077F070 /* RecommendViewController.swift in Sources */ = {isa = PBXBuildFile; fileRef = CC683370213E64470077F070 /* RecommendViewController.swift */; };
		CC683374213E72C00077F070 /* HomeCollectionReusableView.swift in Sources */ = {isa = PBXBuildFile; fileRef = CC683372213E72C00077F070 /* HomeCollectionReusableView.swift */; };
		CC683375213E72C00077F070 /* HomeCollectionReusableView.xib in Resources */ = {isa = PBXBuildFile; fileRef = CC683373213E72C00077F070 /* HomeCollectionReusableView.xib */; };
		CCAB2FF7213F694D00987C77 /* NormalCollectionViewCell.swift in Sources */ = {isa = PBXBuildFile; fileRef = CCAB2FF5213F694D00987C77 /* NormalCollectionViewCell.swift */; };
		CCAB2FF8213F694D00987C77 /* NormalCollectionViewCell.xib in Resources */ = {isa = PBXBuildFile; fileRef = CCAB2FF6213F694D00987C77 /* NormalCollectionViewCell.xib */; };
		CCAB2FFB213F6E4200987C77 /* PrettyCollectionViewCell.swift in Sources */ = {isa = PBXBuildFile; fileRef = CCAB2FF9213F6E4200987C77 /* PrettyCollectionViewCell.swift */; };
		CCAB2FFC213F6E4200987C77 /* PrettyCollectionViewCell.xib in Resources */ = {isa = PBXBuildFile; fileRef = CCAB2FFA213F6E4200987C77 /* PrettyCollectionViewCell.xib */; };
		CCAB3005213FEC4C00987C77 /* NetworkTool.swift in Sources */ = {isa = PBXBuildFile; fileRef = CCAB3004213FEC4C00987C77 /* NetworkTool.swift */; };
		CCDBA93921C394E6008D7AC5 /* ScanCodeViewController.swift in Sources */ = {isa = PBXBuildFile; fileRef = CCDBA93821C394E6008D7AC5 /* ScanCodeViewController.swift */; };
		CCDBA98821CA03EB008D7AC5 /* RoomShowViewController.swift in Sources */ = {isa = PBXBuildFile; fileRef = CC3D24DF21C119D100D5D424 /* RoomShowViewController.swift */; };
		DFC6CC582144E25100E18BEB /* BaseCollectionViewCell.swift in Sources */ = {isa = PBXBuildFile; fileRef = DFC6CC572144E25100E18BEB /* BaseCollectionViewCell.swift */; };
/* End PBXBuildFile section */

/* Begin PBXFileReference section */
		383CA30C3CD847063BC29B3A /* Pods-DouyuTVOfSun.release.xcconfig */ = {isa = PBXFileReference; includeInIndex = 1; lastKnownFileType = text.xcconfig; name = "Pods-DouyuTVOfSun.release.xcconfig"; path = "Pods/Target Support Files/Pods-DouyuTVOfSun/Pods-DouyuTVOfSun.release.xcconfig"; sourceTree = "<group>"; };
		3F272593CA7ED54C643B9E78 /* Pods-DouyuTVOfSun.debug.xcconfig */ = {isa = PBXFileReference; includeInIndex = 1; lastKnownFileType = text.xcconfig; name = "Pods-DouyuTVOfSun.debug.xcconfig"; path = "Pods/Target Support Files/Pods-DouyuTVOfSun/Pods-DouyuTVOfSun.debug.xcconfig"; sourceTree = "<group>"; };
		4E686F6672C0F0A4A551D4B6 /* Pods_DouyuTVOfSun.framework */ = {isa = PBXFileReference; explicitFileType = wrapper.framework; includeInIndex = 0; path = Pods_DouyuTVOfSun.framework; sourceTree = BUILT_PRODUCTS_DIR; };
		CC0E529D21BABEB300147D6F /* RecommendCycleView.swift */ = {isa = PBXFileReference; lastKnownFileType = sourcecode.swift; path = RecommendCycleView.swift; sourceTree = "<group>"; };
		CC0E529F21BABED500147D6F /* RecommendCycleView.xib */ = {isa = PBXFileReference; lastKnownFileType = file.xib; path = RecommendCycleView.xib; sourceTree = "<group>"; };
		CC0E52A121BDFE3F00147D6F /* CycleModel.swift */ = {isa = PBXFileReference; lastKnownFileType = sourcecode.swift; path = CycleModel.swift; sourceTree = "<group>"; };
		CC0E52A321BE045700147D6F /* CollectionCycleCell.swift */ = {isa = PBXFileReference; lastKnownFileType = sourcecode.swift; path = CollectionCycleCell.swift; sourceTree = "<group>"; };
		CC0E52A421BE045700147D6F /* CollectionCycleCell.xib */ = {isa = PBXFileReference; lastKnownFileType = file.xib; path = CollectionCycleCell.xib; sourceTree = "<group>"; };
		CC0E52AC21BE541200147D6F /* RecommendGameView.swift */ = {isa = PBXFileReference; lastKnownFileType = sourcecode.swift; path = RecommendGameView.swift; sourceTree = "<group>"; };
		CC0E52AE21BE541B00147D6F /* RecommendGameView.xib */ = {isa = PBXFileReference; lastKnownFileType = file.xib; path = RecommendGameView.xib; sourceTree = "<group>"; };
		CC0E52B021BE5F0C00147D6F /* CollectionGameCell.swift */ = {isa = PBXFileReference; lastKnownFileType = sourcecode.swift; path = CollectionGameCell.swift; sourceTree = "<group>"; };
		CC0E52B121BE5F0C00147D6F /* CollectionGameCell.xib */ = {isa = PBXFileReference; lastKnownFileType = file.xib; path = CollectionGameCell.xib; sourceTree = "<group>"; };
		CC3A46C8214270420044371F /* RecommendViewModel.swift */ = {isa = PBXFileReference; lastKnownFileType = sourcecode.swift; path = RecommendViewModel.swift; sourceTree = "<group>"; };
		CC3A46CA214276600044371F /* NSDate-Extension.swift */ = {isa = PBXFileReference; lastKnownFileType = sourcecode.swift; path = "NSDate-Extension.swift"; sourceTree = "<group>"; };
		CC3A46CE21427D7E0044371F /* AnchorGroup.swift */ = {isa = PBXFileReference; lastKnownFileType = sourcecode.swift; path = AnchorGroup.swift; sourceTree = "<group>"; };
		CC3A46D121428EE60044371F /* AnchorModel.swift */ = {isa = PBXFileReference; lastKnownFileType = sourcecode.swift; path = AnchorModel.swift; sourceTree = "<group>"; };
		CC3D24B821BFAB7800D5D424 /* GameViewController.swift */ = {isa = PBXFileReference; lastKnownFileType = sourcecode.swift; path = GameViewController.swift; sourceTree = "<group>"; };
		CC3D24BA21BFB54C00D5D424 /* GameViewModel.swift */ = {isa = PBXFileReference; lastKnownFileType = sourcecode.swift; path = GameViewModel.swift; sourceTree = "<group>"; };
		CC3D24BC21BFB6E000D5D424 /* GameModel.swift */ = {isa = PBXFileReference; lastKnownFileType = sourcecode.swift; path = GameModel.swift; sourceTree = "<group>"; };
		CC3D24BE21BFB84C00D5D424 /* BaseGameModel.swift */ = {isa = PBXFileReference; lastKnownFileType = sourcecode.swift; path = BaseGameModel.swift; sourceTree = "<group>"; };
		CC3D24C021C0A16400D5D424 /* AmuseViewController.swift */ = {isa = PBXFileReference; lastKnownFileType = sourcecode.swift; path = AmuseViewController.swift; sourceTree = "<group>"; };
		CC3D24C221C0A40000D5D424 /* AmuseViewModel.swift */ = {isa = PBXFileReference; lastKnownFileType = sourcecode.swift; path = AmuseViewModel.swift; sourceTree = "<group>"; };
		CC3D24C521C0BC6200D5D424 /* BaseViewModel.swift */ = {isa = PBXFileReference; lastKnownFileType = sourcecode.swift; name = BaseViewModel.swift; path = DouyuTVOfSun/Class/Main/BaseViewModel.swift; sourceTree = SOURCE_ROOT; };
		CC3D24CB21C0C2C900D5D424 /* BaseAnchorViewController.swift */ = {isa = PBXFileReference; lastKnownFileType = sourcecode.swift; path = BaseAnchorViewController.swift; sourceTree = "<group>"; };
		CC3D24CD21C0E45000D5D424 /* AmuseMenuView.swift */ = {isa = PBXFileReference; lastKnownFileType = sourcecode.swift; path = AmuseMenuView.swift; sourceTree = "<group>"; };
		CC3D24CF21C0E45B00D5D424 /* AmuseMenuView.xib */ = {isa = PBXFileReference; lastKnownFileType = file.xib; path = AmuseMenuView.xib; sourceTree = "<group>"; };
		CC3D24D121C0F00900D5D424 /* AmuseMenuViewCell.swift */ = {isa = PBXFileReference; lastKnownFileType = sourcecode.swift; path = AmuseMenuViewCell.swift; sourceTree = "<group>"; };
		CC3D24D221C0F00900D5D424 /* AmuseMenuViewCell.xib */ = {isa = PBXFileReference; lastKnownFileType = file.xib; path = AmuseMenuViewCell.xib; sourceTree = "<group>"; };
		CC3D24D521C1065100D5D424 /* FunnyViewController.swift */ = {isa = PBXFileReference; lastKnownFileType = sourcecode.swift; path = FunnyViewController.swift; sourceTree = "<group>"; };
		CC3D24D721C108C600D5D424 /* FunnyViewModel.swift */ = {isa = PBXFileReference; lastKnownFileType = sourcecode.swift; path = FunnyViewModel.swift; sourceTree = "<group>"; };
		CC3D24D921C1116D00D5D424 /* BaseViewController.swift */ = {isa = PBXFileReference; lastKnownFileType = sourcecode.swift; path = BaseViewController.swift; sourceTree = "<group>"; };
		CC3D24DF21C119D100D5D424 /* RoomShowViewController.swift */ = {isa = PBXFileReference; lastKnownFileType = sourcecode.swift; path = RoomShowViewController.swift; sourceTree = "<group>"; };
		CC3D24E121C11A0400D5D424 /* RoomPlayerViewController.swift */ = {isa = PBXFileReference; lastKnownFileType = sourcecode.swift; path = RoomPlayerViewController.swift; sourceTree = "<group>"; };
		CC3D24E321C11CE100D5D424 /* CustomNavigationController.swift */ = {isa = PBXFileReference; lastKnownFileType = sourcecode.swift; path = CustomNavigationController.swift; sourceTree = "<group>"; };
		CC3D24ED21C2224100D5D424 /* LiveViewController.swift */ = {isa = PBXFileReference; lastKnownFileType = sourcecode.swift; path = LiveViewController.swift; sourceTree = "<group>"; };
		CC3D24EF21C2231800D5D424 /* FollowViewController.swift */ = {isa = PBXFileReference; lastKnownFileType = sourcecode.swift; path = FollowViewController.swift; sourceTree = "<group>"; };
		CC3D24F121C2235400D5D424 /* ProfileViewController.swift */ = {isa = PBXFileReference; lastKnownFileType = sourcecode.swift; path = ProfileViewController.swift; sourceTree = "<group>"; };
		CC4D5DDE21CC84E6006BD6E4 /* FollowPlayerCell.swift */ = {isa = PBXFileReference; lastKnownFileType = sourcecode.swift; path = FollowPlayerCell.swift; sourceTree = "<group>"; };
		CC4D5DE721D06F8F006BD6E4 /* VideoList.plist */ = {isa = PBXFileReference; lastKnownFileType = text.plist.xml; path = VideoList.plist; sourceTree = "<group>"; };
		CC4D5DE921D0887B006BD6E4 /* FollowVideoModel.swift */ = {isa = PBXFileReference; lastKnownFileType = sourcecode.swift; path = FollowVideoModel.swift; sourceTree = "<group>"; };
		CC5C3AAA2133ACDD00A75538 /* DouyuTVOfSun.app */ = {isa = PBXFileReference; explicitFileType = wrapper.application; includeInIndex = 0; path = DouyuTVOfSun.app; sourceTree = BUILT_PRODUCTS_DIR; };
		CC5C3AAD2133ACDD00A75538 /* AppDelegate.swift */ = {isa = PBXFileReference; lastKnownFileType = sourcecode.swift; path = AppDelegate.swift; sourceTree = "<group>"; };
		CC5C3AB42133ACDE00A75538 /* Assets.xcassets */ = {isa = PBXFileReference; lastKnownFileType = folder.assetcatalog; path = Assets.xcassets; sourceTree = "<group>"; };
		CC5C3AB72133ACDE00A75538 /* Base */ = {isa = PBXFileReference; lastKnownFileType = file.storyboard; name = Base; path = Base.lproj/LaunchScreen.storyboard; sourceTree = "<group>"; };
		CC5C3AB92133ACDE00A75538 /* Info.plist */ = {isa = PBXFileReference; lastKnownFileType = text.plist.xml; path = Info.plist; sourceTree = "<group>"; };
		CC5C3AF22136305300A75538 /* Home.storyboard */ = {isa = PBXFileReference; fileEncoding = 4; lastKnownFileType = file.storyboard; path = Home.storyboard; sourceTree = "<group>"; };
		CC5C3AF72136305300A75538 /* Follow.storyboard */ = {isa = PBXFileReference; fileEncoding = 4; lastKnownFileType = file.storyboard; path = Follow.storyboard; sourceTree = "<group>"; };
		CC5C3AFC2136305300A75538 /* Profile.storyboard */ = {isa = PBXFileReference; fileEncoding = 4; lastKnownFileType = file.storyboard; path = Profile.storyboard; sourceTree = "<group>"; };
		CC5C3B012136305400A75538 /* Live.storyboard */ = {isa = PBXFileReference; fileEncoding = 4; lastKnownFileType = file.storyboard; path = Live.storyboard; sourceTree = "<group>"; };
		CC5C3B062136305400A75538 /* MainViewController.swift */ = {isa = PBXFileReference; fileEncoding = 4; lastKnownFileType = sourcecode.swift; path = MainViewController.swift; sourceTree = "<group>"; };
		CC5C3B072136305400A75538 /* Main.storyboard */ = {isa = PBXFileReference; fileEncoding = 4; lastKnownFileType = file.storyboard; path = Main.storyboard; sourceTree = "<group>"; };
		CC5C3B102136309F00A75538 /* HomeViewController.swift */ = {isa = PBXFileReference; lastKnownFileType = sourcecode.swift; path = HomeViewController.swift; sourceTree = "<group>"; };
		CC5C3B14213634B200A75538 /* UIBarButtonItem-Extension.swift */ = {isa = PBXFileReference; lastKnownFileType = sourcecode.swift; path = "UIBarButtonItem-Extension.swift"; sourceTree = "<group>"; };
		CC5C3B1621363D3800A75538 /* PageTitleView.swift */ = {isa = PBXFileReference; lastKnownFileType = sourcecode.swift; path = PageTitleView.swift; sourceTree = "<group>"; };
		CC5C3B1821363ED400A75538 /* Common.swift */ = {isa = PBXFileReference; lastKnownFileType = sourcecode.swift; path = Common.swift; sourceTree = "<group>"; };
		CC683369213D3C610077F070 /* PageContentView.swift */ = {isa = PBXFileReference; lastKnownFileType = sourcecode.swift; path = PageContentView.swift; sourceTree = "<group>"; };
		CC68336B213D3F980077F070 /* UIColor-Extension.swift */ = {isa = PBXFileReference; lastKnownFileType = sourcecode.swift; path = "UIColor-Extension.swift"; sourceTree = "<group>"; };
		CC683370213E64470077F070 /* RecommendViewController.swift */ = {isa = PBXFileReference; lastKnownFileType = sourcecode.swift; path = RecommendViewController.swift; sourceTree = "<group>"; };
		CC683372213E72C00077F070 /* HomeCollectionReusableView.swift */ = {isa = PBXFileReference; lastKnownFileType = sourcecode.swift; path = HomeCollectionReusableView.swift; sourceTree = "<group>"; };
		CC683373213E72C00077F070 /* HomeCollectionReusableView.xib */ = {isa = PBXFileReference; lastKnownFileType = file.xib; path = HomeCollectionReusableView.xib; sourceTree = "<group>"; };
		CCAB2FF5213F694D00987C77 /* NormalCollectionViewCell.swift */ = {isa = PBXFileReference; lastKnownFileType = sourcecode.swift; path = NormalCollectionViewCell.swift; sourceTree = "<group>"; };
		CCAB2FF6213F694D00987C77 /* NormalCollectionViewCell.xib */ = {isa = PBXFileReference; lastKnownFileType = file.xib; path = NormalCollectionViewCell.xib; sourceTree = "<group>"; };
		CCAB2FF9213F6E4200987C77 /* PrettyCollectionViewCell.swift */ = {isa = PBXFileReference; lastKnownFileType = sourcecode.swift; path = PrettyCollectionViewCell.swift; sourceTree = "<group>"; };
		CCAB2FFA213F6E4200987C77 /* PrettyCollectionViewCell.xib */ = {isa = PBXFileReference; lastKnownFileType = file.xib; path = PrettyCollectionViewCell.xib; sourceTree = "<group>"; };
		CCAB3004213FEC4C00987C77 /* NetworkTool.swift */ = {isa = PBXFileReference; lastKnownFileType = sourcecode.swift; path = NetworkTool.swift; sourceTree = "<group>"; };
		CCDBA93821C394E6008D7AC5 /* ScanCodeViewController.swift */ = {isa = PBXFileReference; lastKnownFileType = sourcecode.swift; path = ScanCodeViewController.swift; sourceTree = "<group>"; };
		DFC6CC572144E25100E18BEB /* BaseCollectionViewCell.swift */ = {isa = PBXFileReference; lastKnownFileType = sourcecode.swift; path = BaseCollectionViewCell.swift; sourceTree = "<group>"; };
/* End PBXFileReference section */

/* Begin PBXFrameworksBuildPhase section */
		CC5C3AA72133ACDD00A75538 /* Frameworks */ = {
			isa = PBXFrameworksBuildPhase;
			buildActionMask = 2147483647;
			files = (
				94E33AEF151FD6F8047E2B6A /* Pods_DouyuTVOfSun.framework in Frameworks */,
			);
			runOnlyForDeploymentPostprocessing = 0;
		};
/* End PBXFrameworksBuildPhase section */

/* Begin PBXGroup section */
		18CE03B5FE0CF88E726166D5 /* Frameworks */ = {
			isa = PBXGroup;
			children = (
				4E686F6672C0F0A4A551D4B6 /* Pods_DouyuTVOfSun.framework */,
			);
			name = Frameworks;
			sourceTree = "<group>";
		};
		CC3A46C7214270100044371F /* ViewModel */ = {
			isa = PBXGroup;
			children = (
				CC3A46C8214270420044371F /* RecommendViewModel.swift */,
				CC3D24BA21BFB54C00D5D424 /* GameViewModel.swift */,
				CC3D24C221C0A40000D5D424 /* AmuseViewModel.swift */,
				CC3D24D721C108C600D5D424 /* FunnyViewModel.swift */,
			);
			path = ViewModel;
			sourceTree = "<group>";
		};
		CC3D24C421C0BC5000D5D424 /* ViewModel */ = {
			isa = PBXGroup;
			children = (
				CC3D24C521C0BC6200D5D424 /* BaseViewModel.swift */,
			);
			path = ViewModel;
			sourceTree = "<group>";
		};
		CC3D24DB21C119C300D5D424 /* Room */ = {
			isa = PBXGroup;
			children = (
				CC3D24DC21C119C300D5D424 /* Controller */,
				CC3D24DD21C119C300D5D424 /* Model */,
				CC3D24DE21C119C300D5D424 /* View */,
			);
			path = Room;
			sourceTree = "<group>";
		};
		CC3D24DC21C119C300D5D424 /* Controller */ = {
			isa = PBXGroup;
			children = (
				CC3D24DF21C119D100D5D424 /* RoomShowViewController.swift */,
				CC3D24E121C11A0400D5D424 /* RoomPlayerViewController.swift */,
			);
			path = Controller;
			sourceTree = "<group>";
		};
		CC3D24DD21C119C300D5D424 /* Model */ = {
			isa = PBXGroup;
			children = (
			);
			path = Model;
			sourceTree = "<group>";
		};
		CC3D24DE21C119C300D5D424 /* View */ = {
			isa = PBXGroup;
			children = (
			);
			path = View;
			sourceTree = "<group>";
		};
		CC4D5DE621D06F66006BD6E4 /* Resource */ = {
			isa = PBXGroup;
			children = (
				CC4D5DE721D06F8F006BD6E4 /* VideoList.plist */,
			);
			path = Resource;
			sourceTree = "<group>";
		};
		CC5C3AA12133ACDD00A75538 = {
			isa = PBXGroup;
			children = (
				CC5C3AAC2133ACDD00A75538 /* DouyuTVOfSun */,
				CC5C3AAB2133ACDD00A75538 /* Products */,
				DB078D8B799DF693E3ED962F /* Pods */,
				18CE03B5FE0CF88E726166D5 /* Frameworks */,
			);
			sourceTree = "<group>";
		};
		CC5C3AAB2133ACDD00A75538 /* Products */ = {
			isa = PBXGroup;
			children = (
				CC5C3AAA2133ACDD00A75538 /* DouyuTVOfSun.app */,
			);
			name = Products;
			sourceTree = "<group>";
		};
		CC5C3AAC2133ACDD00A75538 /* DouyuTVOfSun */ = {
			isa = PBXGroup;
			children = (
				CC4D5DE621D06F66006BD6E4 /* Resource */,
				CC5C3AEF2136305300A75538 /* Class */,
				CC5C3AAD2133ACDD00A75538 /* AppDelegate.swift */,
				CC5C3AB42133ACDE00A75538 /* Assets.xcassets */,
				CC5C3AB62133ACDE00A75538 /* LaunchScreen.storyboard */,
				CC5C3AB92133ACDE00A75538 /* Info.plist */,
			);
			path = DouyuTVOfSun;
			sourceTree = "<group>";
		};
		CC5C3AEF2136305300A75538 /* Class */ = {
			isa = PBXGroup;
			children = (
				CC3D24DB21C119C300D5D424 /* Room */,
				CC5C3B042136305400A75538 /* Main */,
				CC5C3AF02136305300A75538 /* Home */,
				CC5C3AFF2136305300A75538 /* Live */,
				CC5C3AF52136305300A75538 /* Follow */,
				CC5C3AFA2136305300A75538 /* Profile */,
				CC5C3B122136346200A75538 /* Tool */,
			);
			path = Class;
			sourceTree = "<group>";
		};
		CC5C3AF02136305300A75538 /* Home */ = {
			isa = PBXGroup;
			children = (
				CC3A46C7214270100044371F /* ViewModel */,
				CC5C3AF32136305300A75538 /* Model */,
				CC5C3AF42136305300A75538 /* View */,
				CC5C3AF12136305300A75538 /* Controller */,
			);
			path = Home;
			sourceTree = "<group>";
		};
		CC5C3AF12136305300A75538 /* Controller */ = {
			isa = PBXGroup;
			children = (
				CC5C3AF22136305300A75538 /* Home.storyboard */,
				CC5C3B102136309F00A75538 /* HomeViewController.swift */,
				CC683370213E64470077F070 /* RecommendViewController.swift */,
				CC3D24B821BFAB7800D5D424 /* GameViewController.swift */,
				CC3D24C021C0A16400D5D424 /* AmuseViewController.swift */,
				CC3D24D521C1065100D5D424 /* FunnyViewController.swift */,
			);
			path = Controller;
			sourceTree = "<group>";
		};
		CC5C3AF32136305300A75538 /* Model */ = {
			isa = PBXGroup;
			children = (
				CC0E52A121BDFE3F00147D6F /* CycleModel.swift */,
				CC3D24BC21BFB6E000D5D424 /* GameModel.swift */,
			);
			path = Model;
			sourceTree = "<group>";
		};
		CC5C3AF42136305300A75538 /* View */ = {
			isa = PBXGroup;
			children = (
				CC683372213E72C00077F070 /* HomeCollectionReusableView.swift */,
				CC683373213E72C00077F070 /* HomeCollectionReusableView.xib */,
				CC0E529D21BABEB300147D6F /* RecommendCycleView.swift */,
				CC0E529F21BABED500147D6F /* RecommendCycleView.xib */,
				CC0E52A321BE045700147D6F /* CollectionCycleCell.swift */,
				CC0E52A421BE045700147D6F /* CollectionCycleCell.xib */,
				CC0E52AC21BE541200147D6F /* RecommendGameView.swift */,
				CC0E52AE21BE541B00147D6F /* RecommendGameView.xib */,
				CC0E52B021BE5F0C00147D6F /* CollectionGameCell.swift */,
				CC0E52B121BE5F0C00147D6F /* CollectionGameCell.xib */,
				CC3D24CD21C0E45000D5D424 /* AmuseMenuView.swift */,
				CC3D24CF21C0E45B00D5D424 /* AmuseMenuView.xib */,
				CC3D24D121C0F00900D5D424 /* AmuseMenuViewCell.swift */,
				CC3D24D221C0F00900D5D424 /* AmuseMenuViewCell.xib */,
			);
			path = View;
			sourceTree = "<group>";
		};
		CC5C3AF52136305300A75538 /* Follow */ = {
			isa = PBXGroup;
			children = (
				CC5C3AF82136305300A75538 /* Model */,
				CC5C3AF92136305300A75538 /* View */,
				CC5C3AF62136305300A75538 /* Controller */,
			);
			path = Follow;
			sourceTree = "<group>";
		};
		CC5C3AF62136305300A75538 /* Controller */ = {
			isa = PBXGroup;
			children = (
				CC5C3AF72136305300A75538 /* Follow.storyboard */,
				CC3D24EF21C2231800D5D424 /* FollowViewController.swift */,
			);
			path = Controller;
			sourceTree = "<group>";
		};
		CC5C3AF82136305300A75538 /* Model */ = {
			isa = PBXGroup;
			children = (
				CC4D5DE921D0887B006BD6E4 /* FollowVideoModel.swift */,
			);
			path = Model;
			sourceTree = "<group>";
		};
		CC5C3AF92136305300A75538 /* View */ = {
			isa = PBXGroup;
			children = (
				CC4D5DDE21CC84E6006BD6E4 /* FollowPlayerCell.swift */,
			);
			path = View;
			sourceTree = "<group>";
		};
		CC5C3AFA2136305300A75538 /* Profile */ = {
			isa = PBXGroup;
			children = (
				CC5C3AFD2136305300A75538 /* Model */,
				CC5C3AFE2136305300A75538 /* View */,
				CC5C3AFB2136305300A75538 /* Controller */,
			);
			path = Profile;
			sourceTree = "<group>";
		};
		CC5C3AFB2136305300A75538 /* Controller */ = {
			isa = PBXGroup;
			children = (
				CC5C3AFC2136305300A75538 /* Profile.storyboard */,
				CC3D24F121C2235400D5D424 /* ProfileViewController.swift */,
			);
			path = Controller;
			sourceTree = "<group>";
		};
		CC5C3AFD2136305300A75538 /* Model */ = {
			isa = PBXGroup;
			children = (
			);
			path = Model;
			sourceTree = "<group>";
		};
		CC5C3AFE2136305300A75538 /* View */ = {
			isa = PBXGroup;
			children = (
			);
			path = View;
			sourceTree = "<group>";
		};
		CC5C3AFF2136305300A75538 /* Live */ = {
			isa = PBXGroup;
			children = (
				CC5C3B022136305400A75538 /* Model */,
				CCDBA98621C8FF1A008D7AC5 /* View */,
				CC5C3B002136305400A75538 /* Controller */,
			);
			path = Live;
			sourceTree = "<group>";
		};
		CC5C3B002136305400A75538 /* Controller */ = {
			isa = PBXGroup;
			children = (
				CC5C3B012136305400A75538 /* Live.storyboard */,
				CC3D24ED21C2224100D5D424 /* LiveViewController.swift */,
				CCDBA93821C394E6008D7AC5 /* ScanCodeViewController.swift */,
			);
			path = Controller;
			sourceTree = "<group>";
		};
		CC5C3B022136305400A75538 /* Model */ = {
			isa = PBXGroup;
			children = (
			);
			path = Model;
			sourceTree = "<group>";
		};
		CC5C3B042136305400A75538 /* Main */ = {
			isa = PBXGroup;
			children = (
				CC3D24C421C0BC5000D5D424 /* ViewModel */,
				CC5C3B052136305400A75538 /* Controller */,
				CC5C3B082136305400A75538 /* Model */,
				CC5C3B092136305400A75538 /* View */,
			);
			path = Main;
			sourceTree = "<group>";
		};
		CC5C3B052136305400A75538 /* Controller */ = {
			isa = PBXGroup;
			children = (
				CC5C3B062136305400A75538 /* MainViewController.swift */,
				CC5C3B072136305400A75538 /* Main.storyboard */,
				CC3D24CB21C0C2C900D5D424 /* BaseAnchorViewController.swift */,
				CC3D24D921C1116D00D5D424 /* BaseViewController.swift */,
				CC3D24E321C11CE100D5D424 /* CustomNavigationController.swift */,
			);
			path = Controller;
			sourceTree = "<group>";
		};
		CC5C3B082136305400A75538 /* Model */ = {
			isa = PBXGroup;
			children = (
				CC3A46CE21427D7E0044371F /* AnchorGroup.swift */,
				CC3A46D121428EE60044371F /* AnchorModel.swift */,
				CC3D24BE21BFB84C00D5D424 /* BaseGameModel.swift */,
			);
			path = Model;
			sourceTree = "<group>";
		};
		CC5C3B092136305400A75538 /* View */ = {
			isa = PBXGroup;
			children = (
				CC5C3B1621363D3800A75538 /* PageTitleView.swift */,
				CC683369213D3C610077F070 /* PageContentView.swift */,
				DFC6CC572144E25100E18BEB /* BaseCollectionViewCell.swift */,
				CCAB2FF5213F694D00987C77 /* NormalCollectionViewCell.swift */,
				CCAB2FF6213F694D00987C77 /* NormalCollectionViewCell.xib */,
				CCAB2FF9213F6E4200987C77 /* PrettyCollectionViewCell.swift */,
				CCAB2FFA213F6E4200987C77 /* PrettyCollectionViewCell.xib */,
			);
			path = View;
			sourceTree = "<group>";
		};
		CC5C3B122136346200A75538 /* Tool */ = {
			isa = PBXGroup;
			children = (
				CC5C3B132136346200A75538 /* Extension */,
				CC5C3B1821363ED400A75538 /* Common.swift */,
				CCAB3004213FEC4C00987C77 /* NetworkTool.swift */,
			);
			path = Tool;
			sourceTree = "<group>";
		};
		CC5C3B132136346200A75538 /* Extension */ = {
			isa = PBXGroup;
			children = (
				CC5C3B14213634B200A75538 /* UIBarButtonItem-Extension.swift */,
				CC68336B213D3F980077F070 /* UIColor-Extension.swift */,
				CC3A46CA214276600044371F /* NSDate-Extension.swift */,
			);
			path = Extension;
			sourceTree = "<group>";
		};
		CCDBA98621C8FF1A008D7AC5 /* View */ = {
			isa = PBXGroup;
			children = (
			);
			path = View;
			sourceTree = "<group>";
		};
		DB078D8B799DF693E3ED962F /* Pods */ = {
			isa = PBXGroup;
			children = (
				3F272593CA7ED54C643B9E78 /* Pods-DouyuTVOfSun.debug.xcconfig */,
				383CA30C3CD847063BC29B3A /* Pods-DouyuTVOfSun.release.xcconfig */,
			);
			name = Pods;
			sourceTree = "<group>";
		};
/* End PBXGroup section */

/* Begin PBXNativeTarget section */
		CC5C3AA92133ACDD00A75538 /* DouyuTVOfSun */ = {
			isa = PBXNativeTarget;
			buildConfigurationList = CC5C3ABC2133ACDE00A75538 /* Build configuration list for PBXNativeTarget "DouyuTVOfSun" */;
			buildPhases = (
				DEA92F44609D13230278A41A /* [CP] Check Pods Manifest.lock */,
				CC5C3AA62133ACDD00A75538 /* Sources */,
				CC5C3AA72133ACDD00A75538 /* Frameworks */,
				CC5C3AA82133ACDD00A75538 /* Resources */,
				73D367CB3B5648B200290147 /* [CP] Embed Pods Frameworks */,
			);
			buildRules = (
			);
			dependencies = (
			);
			name = DouyuTVOfSun;
			productName = DouyuTVOfSun;
			productReference = CC5C3AAA2133ACDD00A75538 /* DouyuTVOfSun.app */;
			productType = "com.apple.product-type.application";
		};
/* End PBXNativeTarget section */

/* Begin PBXProject section */
		CC5C3AA22133ACDD00A75538 /* Project object */ = {
			isa = PBXProject;
			attributes = {
				LastSwiftUpdateCheck = 0940;
				LastUpgradeCheck = 0940;
				ORGANIZATIONNAME = WorkSpace_Sun;
				TargetAttributes = {
					CC5C3AA92133ACDD00A75538 = {
						CreatedOnToolsVersion = 9.4.1;
						SystemCapabilities = {
							com.apple.BackgroundModes = {
								enabled = 1;
							};
						};
					};
				};
			};
			buildConfigurationList = CC5C3AA52133ACDD00A75538 /* Build configuration list for PBXProject "DouyuTVOfSun" */;
			compatibilityVersion = "Xcode 9.3";
			developmentRegion = en;
			hasScannedForEncodings = 0;
			knownRegions = (
				en,
				Base,
			);
			mainGroup = CC5C3AA12133ACDD00A75538;
			productRefGroup = CC5C3AAB2133ACDD00A75538 /* Products */;
			projectDirPath = "";
			projectRoot = "";
			targets = (
				CC5C3AA92133ACDD00A75538 /* DouyuTVOfSun */,
			);
		};
/* End PBXProject section */

/* Begin PBXResourcesBuildPhase section */
		CC5C3AA82133ACDD00A75538 /* Resources */ = {
			isa = PBXResourcesBuildPhase;
			buildActionMask = 2147483647;
			files = (
				CCAB2FFC213F6E4200987C77 /* PrettyCollectionViewCell.xib in Resources */,
				CC3D24D421C0F00900D5D424 /* AmuseMenuViewCell.xib in Resources */,
				CC5C3B0F2136305400A75538 /* Main.storyboard in Resources */,
				CC5C3B0A2136305400A75538 /* Home.storyboard in Resources */,
				CC683375213E72C00077F070 /* HomeCollectionReusableView.xib in Resources */,
				CC5C3AB82133ACDE00A75538 /* LaunchScreen.storyboard in Resources */,
				CC4D5DE821D06F8F006BD6E4 /* VideoList.plist in Resources */,
				CCAB2FF8213F694D00987C77 /* NormalCollectionViewCell.xib in Resources */,
				CC5C3B0D2136305400A75538 /* Live.storyboard in Resources */,
				CC0E52B321BE5F0C00147D6F /* CollectionGameCell.xib in Resources */,
				CC3D24D021C0E45B00D5D424 /* AmuseMenuView.xib in Resources */,
				CC0E52A021BABED500147D6F /* RecommendCycleView.xib in Resources */,
				CC0E52A621BE045700147D6F /* CollectionCycleCell.xib in Resources */,
				CC5C3B0C2136305400A75538 /* Profile.storyboard in Resources */,
				CC5C3AB52133ACDE00A75538 /* Assets.xcassets in Resources */,
				CC0E52AF21BE541B00147D6F /* RecommendGameView.xib in Resources */,
				CC5C3B0B2136305400A75538 /* Follow.storyboard in Resources */,
			);
			runOnlyForDeploymentPostprocessing = 0;
		};
/* End PBXResourcesBuildPhase section */

/* Begin PBXShellScriptBuildPhase section */
		73D367CB3B5648B200290147 /* [CP] Embed Pods Frameworks */ = {
			isa = PBXShellScriptBuildPhase;
			buildActionMask = 2147483647;
			files = (
			);
			inputPaths = (
				"${PODS_ROOT}/Target Support Files/Pods-DouyuTVOfSun/Pods-DouyuTVOfSun-frameworks.sh",
				"${BUILT_PRODUCTS_DIR}/Alamofire/Alamofire.framework",
				"${BUILT_PRODUCTS_DIR}/Kingfisher/Kingfisher.framework",
				"${PODS_ROOT}/PLMediaStreamingKit/Pod/Library-Universal/PLMediaStreamingKit.framework",
				"${PODS_ROOT}/PLMediaStreamingKit/Pod/Library-Universal/HappyDNS.framework",
				"${PODS_ROOT}/PLPlayerKit/Pod/Library-Universal/PLPlayerKit.framework",
				"${BUILT_PRODUCTS_DIR}/SnapKit/SnapKit.framework",
			);
			name = "[CP] Embed Pods Frameworks";
			outputPaths = (
				"${TARGET_BUILD_DIR}/${FRAMEWORKS_FOLDER_PATH}/Alamofire.framework",
				"${TARGET_BUILD_DIR}/${FRAMEWORKS_FOLDER_PATH}/Kingfisher.framework",
				"${TARGET_BUILD_DIR}/${FRAMEWORKS_FOLDER_PATH}/PLMediaStreamingKit.framework",
				"${TARGET_BUILD_DIR}/${FRAMEWORKS_FOLDER_PATH}/HappyDNS.framework",
				"${TARGET_BUILD_DIR}/${FRAMEWORKS_FOLDER_PATH}/PLPlayerKit.framework",
				"${TARGET_BUILD_DIR}/${FRAMEWORKS_FOLDER_PATH}/SnapKit.framework",
			);
			runOnlyForDeploymentPostprocessing = 0;
			shellPath = /bin/sh;
			shellScript = "\"${PODS_ROOT}/Target Support Files/Pods-DouyuTVOfSun/Pods-DouyuTVOfSun-frameworks.sh\"\n";
			showEnvVarsInLog = 0;
		};
		DEA92F44609D13230278A41A /* [CP] Check Pods Manifest.lock */ = {
			isa = PBXShellScriptBuildPhase;
			buildActionMask = 2147483647;
			files = (
			);
			inputPaths = (
				"${PODS_PODFILE_DIR_PATH}/Podfile.lock",
				"${PODS_ROOT}/Manifest.lock",
			);
			name = "[CP] Check Pods Manifest.lock";
			outputPaths = (
				"$(DERIVED_FILE_DIR)/Pods-DouyuTVOfSun-checkManifestLockResult.txt",
			);
			runOnlyForDeploymentPostprocessing = 0;
			shellPath = /bin/sh;
			shellScript = "diff \"${PODS_PODFILE_DIR_PATH}/Podfile.lock\" \"${PODS_ROOT}/Manifest.lock\" > /dev/null\nif [ $? != 0 ] ; then\n    # print error to STDERR\n    echo \"error: The sandbox is not in sync with the Podfile.lock. Run 'pod install' or update your CocoaPods installation.\" >&2\n    exit 1\nfi\n# This output is used by Xcode 'outputs' to avoid re-running this script phase.\necho \"SUCCESS\" > \"${SCRIPT_OUTPUT_FILE_0}\"\n";
			showEnvVarsInLog = 0;
		};
/* End PBXShellScriptBuildPhase section */

/* Begin PBXSourcesBuildPhase section */
		CC5C3AA62133ACDD00A75538 /* Sources */ = {
			isa = PBXSourcesBuildPhase;
			buildActionMask = 2147483647;
			files = (
				CC0E529E21BABEB300147D6F /* RecommendCycleView.swift in Sources */,
				CCAB2FFB213F6E4200987C77 /* PrettyCollectionViewCell.swift in Sources */,
				CC5C3AAE2133ACDD00A75538 /* AppDelegate.swift in Sources */,
				CCDBA98821CA03EB008D7AC5 /* RoomShowViewController.swift in Sources */,
				CC3D24BB21BFB54C00D5D424 /* GameViewModel.swift in Sources */,
				CC68336C213D3F980077F070 /* UIColor-Extension.swift in Sources */,
				CC3D24DA21C1116D00D5D424 /* BaseViewController.swift in Sources */,
				CC3D24B921BFAB7800D5D424 /* GameViewController.swift in Sources */,
				CCDBA93921C394E6008D7AC5 /* ScanCodeViewController.swift in Sources */,
				CC3D24CC21C0C2C900D5D424 /* BaseAnchorViewController.swift in Sources */,
				CCAB3005213FEC4C00987C77 /* NetworkTool.swift in Sources */,
				CC683371213E64470077F070 /* RecommendViewController.swift in Sources */,
				CC5C3B0E2136305400A75538 /* MainViewController.swift in Sources */,
				CC4D5DE021CC84E6006BD6E4 /* FollowPlayerCell.swift in Sources */,
				CC3D24D321C0F00900D5D424 /* AmuseMenuViewCell.swift in Sources */,
				CC3D24E421C11CE100D5D424 /* CustomNavigationController.swift in Sources */,
				CC3D24E221C11A0400D5D424 /* RoomPlayerViewController.swift in Sources */,
				CC3D24D621C1065100D5D424 /* FunnyViewController.swift in Sources */,
				CC683374213E72C00077F070 /* HomeCollectionReusableView.swift in Sources */,
				CC0E52A521BE045700147D6F /* CollectionCycleCell.swift in Sources */,
				CC3D24C621C0BC6200D5D424 /* BaseViewModel.swift in Sources */,
				CC3D24F221C2235400D5D424 /* ProfileViewController.swift in Sources */,
				CC3D24BD21BFB6E000D5D424 /* GameModel.swift in Sources */,
				CC3D24BF21BFB84C00D5D424 /* BaseGameModel.swift in Sources */,
				CC3D24D821C108C600D5D424 /* FunnyViewModel.swift in Sources */,
				CC0E52A221BDFE3F00147D6F /* CycleModel.swift in Sources */,
				CC3D24C121C0A16400D5D424 /* AmuseViewController.swift in Sources */,
				CC5C3B1721363D3800A75538 /* PageTitleView.swift in Sources */,
				CC68336A213D3C610077F070 /* PageContentView.swift in Sources */,
				CC5C3B15213634B200A75538 /* UIBarButtonItem-Extension.swift in Sources */,
				CC0E52AD21BE541200147D6F /* RecommendGameView.swift in Sources */,
				CC3A46CF21427D7E0044371F /* AnchorGroup.swift in Sources */,
				DFC6CC582144E25100E18BEB /* BaseCollectionViewCell.swift in Sources */,
				CC3A46CB214276600044371F /* NSDate-Extension.swift in Sources */,
				CCAB2FF7213F694D00987C77 /* NormalCollectionViewCell.swift in Sources */,
				CC3D24CE21C0E45000D5D424 /* AmuseMenuView.swift in Sources */,
				CC3D24F021C2231800D5D424 /* FollowViewController.swift in Sources */,
				CC3D24C321C0A40000D5D424 /* AmuseViewModel.swift in Sources */,
				CC0E52B221BE5F0C00147D6F /* CollectionGameCell.swift in Sources */,
				CC3D24EE21C2224100D5D424 /* LiveViewController.swift in Sources */,
				CC5C3B1921363ED400A75538 /* Common.swift in Sources */,
				CC5C3B112136309F00A75538 /* HomeViewController.swift in Sources */,
				CC3A46C9214270420044371F /* RecommendViewModel.swift in Sources */,
				CC4D5DEA21D0887B006BD6E4 /* FollowVideoModel.swift in Sources */,
				CC3A46D221428EE60044371F /* AnchorModel.swift in Sources */,
			);
			runOnlyForDeploymentPostprocessing = 0;
		};
/* End PBXSourcesBuildPhase section */

/* Begin PBXVariantGroup section */
		CC5C3AB62133ACDE00A75538 /* LaunchScreen.storyboard */ = {
			isa = PBXVariantGroup;
			children = (
				CC5C3AB72133ACDE00A75538 /* Base */,
			);
			name = LaunchScreen.storyboard;
			sourceTree = "<group>";
		};
/* End PBXVariantGroup section */

/* Begin XCBuildConfiguration section */
		CC5C3ABA2133ACDE00A75538 /* Debug */ = {
			isa = XCBuildConfiguration;
			buildSettings = {
				ALWAYS_SEARCH_USER_PATHS = NO;
				CLANG_ANALYZER_NONNULL = YES;
				CLANG_ANALYZER_NUMBER_OBJECT_CONVERSION = YES_AGGRESSIVE;
				CLANG_CXX_LANGUAGE_STANDARD = "gnu++14";
				CLANG_CXX_LIBRARY = "libc++";
				CLANG_ENABLE_MODULES = YES;
				CLANG_ENABLE_OBJC_ARC = YES;
				CLANG_ENABLE_OBJC_WEAK = YES;
				CLANG_WARN_BLOCK_CAPTURE_AUTORELEASING = YES;
				CLANG_WARN_BOOL_CONVERSION = YES;
				CLANG_WARN_COMMA = YES;
				CLANG_WARN_CONSTANT_CONVERSION = YES;
				CLANG_WARN_DEPRECATED_OBJC_IMPLEMENTATIONS = YES;
				CLANG_WARN_DIRECT_OBJC_ISA_USAGE = YES_ERROR;
				CLANG_WARN_DOCUMENTATION_COMMENTS = YES;
				CLANG_WARN_EMPTY_BODY = YES;
				CLANG_WARN_ENUM_CONVERSION = YES;
				CLANG_WARN_INFINITE_RECURSION = YES;
				CLANG_WARN_INT_CONVERSION = YES;
				CLANG_WARN_NON_LITERAL_NULL_CONVERSION = YES;
				CLANG_WARN_OBJC_IMPLICIT_RETAIN_SELF = YES;
				CLANG_WARN_OBJC_LITERAL_CONVERSION = YES;
				CLANG_WARN_OBJC_ROOT_CLASS = YES_ERROR;
				CLANG_WARN_RANGE_LOOP_ANALYSIS = YES;
				CLANG_WARN_STRICT_PROTOTYPES = YES;
				CLANG_WARN_SUSPICIOUS_MOVE = YES;
				CLANG_WARN_UNGUARDED_AVAILABILITY = YES_AGGRESSIVE;
				CLANG_WARN_UNREACHABLE_CODE = YES;
				CLANG_WARN__DUPLICATE_METHOD_MATCH = YES;
				CODE_SIGN_IDENTITY = "iPhone Developer";
				COPY_PHASE_STRIP = NO;
				DEBUG_INFORMATION_FORMAT = dwarf;
				ENABLE_STRICT_OBJC_MSGSEND = YES;
				ENABLE_TESTABILITY = YES;
				GCC_C_LANGUAGE_STANDARD = gnu11;
				GCC_DYNAMIC_NO_PIC = NO;
				GCC_NO_COMMON_BLOCKS = YES;
				GCC_OPTIMIZATION_LEVEL = 0;
				GCC_PREPROCESSOR_DEFINITIONS = (
					"DEBUG=1",
					"$(inherited)",
				);
				GCC_WARN_64_TO_32_BIT_CONVERSION = YES;
				GCC_WARN_ABOUT_RETURN_TYPE = YES_ERROR;
				GCC_WARN_UNDECLARED_SELECTOR = YES;
				GCC_WARN_UNINITIALIZED_AUTOS = YES_AGGRESSIVE;
				GCC_WARN_UNUSED_FUNCTION = YES;
				GCC_WARN_UNUSED_VARIABLE = YES;
				IPHONEOS_DEPLOYMENT_TARGET = 11.4;
				MTL_ENABLE_DEBUG_INFO = YES;
				ONLY_ACTIVE_ARCH = YES;
				SDKROOT = iphoneos;
				SWIFT_ACTIVE_COMPILATION_CONDITIONS = DEBUG;
				SWIFT_OPTIMIZATION_LEVEL = "-Onone";
			};
			name = Debug;
		};
		CC5C3ABB2133ACDE00A75538 /* Release */ = {
			isa = XCBuildConfiguration;
			buildSettings = {
				ALWAYS_SEARCH_USER_PATHS = NO;
				CLANG_ANALYZER_NONNULL = YES;
				CLANG_ANALYZER_NUMBER_OBJECT_CONVERSION = YES_AGGRESSIVE;
				CLANG_CXX_LANGUAGE_STANDARD = "gnu++14";
				CLANG_CXX_LIBRARY = "libc++";
				CLANG_ENABLE_MODULES = YES;
				CLANG_ENABLE_OBJC_ARC = YES;
				CLANG_ENABLE_OBJC_WEAK = YES;
				CLANG_WARN_BLOCK_CAPTURE_AUTORELEASING = YES;
				CLANG_WARN_BOOL_CONVERSION = YES;
				CLANG_WARN_COMMA = YES;
				CLANG_WARN_CONSTANT_CONVERSION = YES;
				CLANG_WARN_DEPRECATED_OBJC_IMPLEMENTATIONS = YES;
				CLANG_WARN_DIRECT_OBJC_ISA_USAGE = YES_ERROR;
				CLANG_WARN_DOCUMENTATION_COMMENTS = YES;
				CLANG_WARN_EMPTY_BODY = YES;
				CLANG_WARN_ENUM_CONVERSION = YES;
				CLANG_WARN_INFINITE_RECURSION = YES;
				CLANG_WARN_INT_CONVERSION = YES;
				CLANG_WARN_NON_LITERAL_NULL_CONVERSION = YES;
				CLANG_WARN_OBJC_IMPLICIT_RETAIN_SELF = YES;
				CLANG_WARN_OBJC_LITERAL_CONVERSION = YES;
				CLANG_WARN_OBJC_ROOT_CLASS = YES_ERROR;
				CLANG_WARN_RANGE_LOOP_ANALYSIS = YES;
				CLANG_WARN_STRICT_PROTOTYPES = YES;
				CLANG_WARN_SUSPICIOUS_MOVE = YES;
				CLANG_WARN_UNGUARDED_AVAILABILITY = YES_AGGRESSIVE;
				CLANG_WARN_UNREACHABLE_CODE = YES;
				CLANG_WARN__DUPLICATE_METHOD_MATCH = YES;
				CODE_SIGN_IDENTITY = "iPhone Developer";
				COPY_PHASE_STRIP = NO;
				DEBUG_INFORMATION_FORMAT = "dwarf-with-dsym";
				ENABLE_NS_ASSERTIONS = NO;
				ENABLE_STRICT_OBJC_MSGSEND = YES;
				GCC_C_LANGUAGE_STANDARD = gnu11;
				GCC_NO_COMMON_BLOCKS = YES;
				GCC_WARN_64_TO_32_BIT_CONVERSION = YES;
				GCC_WARN_ABOUT_RETURN_TYPE = YES_ERROR;
				GCC_WARN_UNDECLARED_SELECTOR = YES;
				GCC_WARN_UNINITIALIZED_AUTOS = YES_AGGRESSIVE;
				GCC_WARN_UNUSED_FUNCTION = YES;
				GCC_WARN_UNUSED_VARIABLE = YES;
				IPHONEOS_DEPLOYMENT_TARGET = 11.4;
				MTL_ENABLE_DEBUG_INFO = NO;
				SDKROOT = iphoneos;
				SWIFT_COMPILATION_MODE = wholemodule;
				SWIFT_OPTIMIZATION_LEVEL = "-O";
				VALIDATE_PRODUCT = YES;
			};
			name = Release;
		};
		CC5C3ABD2133ACDE00A75538 /* Debug */ = {
			isa = XCBuildConfiguration;
			baseConfigurationReference = 3F272593CA7ED54C643B9E78 /* Pods-DouyuTVOfSun.debug.xcconfig */;
			buildSettings = {
				ASSETCATALOG_COMPILER_APPICON_NAME = AppIcon;
				ASSETCATALOG_COMPILER_LAUNCHIMAGE_NAME = Launch_Image;
				CODE_SIGN_STYLE = Automatic;
				DEVELOPMENT_TEAM = GDFHW66V92;
				INFOPLIST_FILE = DouyuTVOfSun/Info.plist;
				IPHONEOS_DEPLOYMENT_TARGET = 9.0;
				LD_RUNPATH_SEARCH_PATHS = (
					"$(inherited)",
					"@executable_path/Frameworks",
				);
				PRODUCT_BUNDLE_IDENTIFIER = com.Pursue.Sun.DouyuTVOfSun;
				PRODUCT_NAME = "$(TARGET_NAME)";
				SWIFT_VERSION = 4.0;
				TARGETED_DEVICE_FAMILY = 1;
			};
			name = Debug;
		};
		CC5C3ABE2133ACDE00A75538 /* Release */ = {
			isa = XCBuildConfiguration;
			baseConfigurationReference = 383CA30C3CD847063BC29B3A /* Pods-DouyuTVOfSun.release.xcconfig */;
			buildSettings = {
				ASSETCATALOG_COMPILER_APPICON_NAME = AppIcon;
				ASSETCATALOG_COMPILER_LAUNCHIMAGE_NAME = Launch_Image;
				CODE_SIGN_STYLE = Automatic;
				DEVELOPMENT_TEAM = GDFHW66V92;
				INFOPLIST_FILE = DouyuTVOfSun/Info.plist;
				IPHONEOS_DEPLOYMENT_TARGET = 9.0;
				LD_RUNPATH_SEARCH_PATHS = (
					"$(inherited)",
					"@executable_path/Frameworks",
				);
				PRODUCT_BUNDLE_IDENTIFIER = com.Pursue.Sun.DouyuTVOfSun;
				PRODUCT_NAME = "$(TARGET_NAME)";
				SWIFT_VERSION = 4.0;
				TARGETED_DEVICE_FAMILY = 1;
			};
			name = Release;
		};
/* End XCBuildConfiguration section */

/* Begin XCConfigurationList section */
		CC5C3AA52133ACDD00A75538 /* Build configuration list for PBXProject "DouyuTVOfSun" */ = {
			isa = XCConfigurationList;
			buildConfigurations = (
				CC5C3ABA2133ACDE00A75538 /* Debug */,
				CC5C3ABB2133ACDE00A75538 /* Release */,
			);
			defaultConfigurationIsVisible = 0;
			defaultConfigurationName = Release;
		};
		CC5C3ABC2133ACDE00A75538 /* Build configuration list for PBXNativeTarget "DouyuTVOfSun" */ = {
			isa = XCConfigurationList;
			buildConfigurations = (
				CC5C3ABD2133ACDE00A75538 /* Debug */,
				CC5C3ABE2133ACDE00A75538 /* Release */,
			);
			defaultConfigurationIsVisible = 0;
			defaultConfigurationName = Release;
		};
/* End XCConfigurationList section */
	};
	rootObject = CC5C3AA22133ACDD00A75538 /* Project object */;
}
